
Microsoft Visual Studio Solution File, Format Version 12.00
# Visual Studio Version 16
VisualStudioVersion = 16.0.31019.35
MinimumVisualStudioVersion = 10.0.40219.1
Project("{9A19103F-16F7-4668-BE54-9A1E7A4F7556}") = "Home_project", "Home_project\Home_project.csproj", "{A630B05B-0115-46B7-AC05-47FF12E460E1}"
EndProject
Project("{FAE04EC0-301F-11D3-BF4B-00C04F79EFBC}") = "Home_project.Tests", "Home_project.Tests\Home_project.Tests.csproj", "{A5474B65-C4B4-4AEA-BE3E-5ECA3B7AF896}"
EndProject
Global
	GlobalSection(SolutionConfigurationPlatforms) = preSolution
		Debug|Any CPU = Debug|Any CPU
		Release|Any CPU = Release|Any CPU
	EndGlobalSection
	GlobalSection(ProjectConfigurationPlatforms) = postSolution
		{A630B05B-0115-46B7-AC05-47FF12E460E1}.Debug|Any CPU.ActiveCfg = Debug|Any CPU
		{A630B05B-0115-46B7-AC05-47FF12E460E1}.Debug|Any CPU.Build.0 = Debug|Any CPU
		{A630B05B-0115-46B7-AC05-47FF12E460E1}.Release|Any CPU.ActiveCfg = Release|Any CPU
		{A630B05B-0115-46B7-AC05-47FF12E460E1}.Release|Any CPU.Build.0 = Release|Any CPU
		{A5474B65-C4B4-4AEA-BE3E-5ECA3B7AF896}.Debug|Any CPU.ActiveCfg = Debug|Any CPU
		{A5474B65-C4B4-4AEA-BE3E-5ECA3B7AF896}.Debug|Any CPU.Build.0 = Debug|Any CPU
		{A5474B65-C4B4-4AEA-BE3E-5ECA3B7AF896}.Release|Any CPU.ActiveCfg = Release|Any CPU
		{A5474B65-C4B4-4AEA-BE3E-5ECA3B7AF896}.Release|Any CPU.Build.0 = Release|Any CPU
	EndGlobalSection
	GlobalSection(SolutionProperties) = preSolution
		HideSolutionNode = FALSE
	EndGlobalSection
	GlobalSection(ExtensibilityGlobals) = postSolution
		SolutionGuid = {C3876958-9CF5-449E-92CD-26AAD2F8464A}
	EndGlobalSection
EndGlobal
